// !$*UTF8*$!
{
	archiveVersion = 1;
	classes = {
	};
	objectVersion = 50;
	objects = {

/* Begin PBXBuildFile section */
		1C704D0B237FA0A000C2CB30 /* AppDelegate.swift in Sources */ = {isa = PBXBuildFile; fileRef = 1C704D0A237FA0A000C2CB30 /* AppDelegate.swift */; };
		1C704D0D237FA0A000C2CB30 /* SceneDelegate.swift in Sources */ = {isa = PBXBuildFile; fileRef = 1C704D0C237FA0A000C2CB30 /* SceneDelegate.swift */; };
		1C704D0F237FA0A000C2CB30 /* ViewController.swift in Sources */ = {isa = PBXBuildFile; fileRef = 1C704D0E237FA0A000C2CB30 /* ViewController.swift */; };
		1C704D12237FA0A000C2CB30 /* Main.storyboard in Resources */ = {isa = PBXBuildFile; fileRef = 1C704D10237FA0A000C2CB30 /* Main.storyboard */; };
		1C704D14237FA0A300C2CB30 /* Assets.xcassets in Resources */ = {isa = PBXBuildFile; fileRef = 1C704D13237FA0A300C2CB30 /* Assets.xcassets */; };
		1C704D17237FA0A300C2CB30 /* LaunchScreen.storyboard in Resources */ = {isa = PBXBuildFile; fileRef = 1C704D15237FA0A300C2CB30 /* LaunchScreen.storyboard */; };
		1C704D22237FA0A400C2CB30 /* MVCUnitTestIOSTests.swift in Sources */ = {isa = PBXBuildFile; fileRef = 1C704D21237FA0A400C2CB30 /* MVCUnitTestIOSTests.swift */; };
/* End PBXBuildFile section */

/* Begin PBXContainerItemProxy section */
		1C704D1E237FA0A300C2CB30 /* PBXContainerItemProxy */ = {
			isa = PBXContainerItemProxy;
			containerPortal = 1C704CFF237FA0A000C2CB30 /* Project object */;
			proxyType = 1;
			remoteGlobalIDString = 1C704D06237FA0A000C2CB30;
			remoteInfo = MVCUnitTestIOS;
		};
/* End PBXContainerItemProxy section */

/* Begin PBXFileReference section */
		1C704D07237FA0A000C2CB30 /* MVCUnitTestIOS.app */ = {isa = PBXFileReference; explicitFileType = wrapper.application; includeInIndex = 0; path = MVCUnitTestIOS.app; sourceTree = BUILT_PRODUCTS_DIR; };
		1C704D0A237FA0A000C2CB30 /* AppDelegate.swift */ = {isa = PBXFileReference; lastKnownFileType = sourcecode.swift; path = AppDelegate.swift; sourceTree = "<group>"; };
		1C704D0C237FA0A000C2CB30 /* SceneDelegate.swift */ = {isa = PBXFileReference; lastKnownFileType = sourcecode.swift; path = SceneDelegate.swift; sourceTree = "<group>"; };
		1C704D0E237FA0A000C2CB30 /* ViewController.swift */ = {isa = PBXFileReference; lastKnownFileType = sourcecode.swift; path = ViewController.swift; sourceTree = "<group>"; };
		1C704D11237FA0A000C2CB30 /* Base */ = {isa = PBXFileReference; lastKnownFileType = file.storyboard; name = Base; path = Base.lproj/Main.storyboard; sourceTree = "<group>"; };
		1C704D13237FA0A300C2CB30 /* Assets.xcassets */ = {isa = PBXFileReference; lastKnownFileType = folder.assetcatalog; path = Assets.xcassets; sourceTree = "<group>"; };
		1C704D16237FA0A300C2CB30 /* Base */ = {isa = PBXFileReference; lastKnownFileType = file.storyboard; name = Base; path = Base.lproj/LaunchScreen.storyboard; sourceTree = "<group>"; };
		1C704D18237FA0A300C2CB30 /* Info.plist */ = {isa = PBXFileReference; lastKnownFileType = text.plist.xml; path = Info.plist; sourceTree = "<group>"; };
		1C704D1D237FA0A300C2CB30 /* MVCUnitTestIOSTests.xctest */ = {isa = PBXFileReference; explicitFileType = wrapper.cfbundle; includeInIndex = 0; path = MVCUnitTestIOSTests.xctest; sourceTree = BUILT_PRODUCTS_DIR; };
		1C704D21237FA0A400C2CB30 /* MVCUnitTestIOSTests.swift */ = {isa = PBXFileReference; lastKnownFileType = sourcecode.swift; path = MVCUnitTestIOSTests.swift; sourceTree = "<group>"; };
		1C704D23237FA0A400C2CB30 /* Info.plist */ = {isa = PBXFileReference; lastKnownFileType = text.plist.xml; path = Info.plist; sourceTree = "<group>"; };
/* End PBXFileReference section */

/* Begin PBXFrameworksBuildPhase section */
		1C704D04237FA0A000C2CB30 /* Frameworks */ = {
			isa = PBXFrameworksBuildPhase;
			buildActionMask = 2147483647;
			files = (
			);
			runOnlyForDeploymentPostprocessing = 0;
		};
		1C704D1A237FA0A300C2CB30 /* Frameworks */ = {
			isa = PBXFrameworksBuildPhase;
			buildActionMask = 2147483647;
			files = (
			);
			runOnlyForDeploymentPostprocessing = 0;
		};
/* End PBXFrameworksBuildPhase section */

/* Begin PBXGroup section */
		1C704CFE237FA0A000C2CB30 = {
			isa = PBXGroup;
			children = (
				1C704D09237FA0A000C2CB30 /* MVCUnitTestIOS */,
				1C704D20237FA0A400C2CB30 /* MVCUnitTestIOSTests */,
				1C704D08237FA0A000C2CB30 /* Products */,
			);
			sourceTree = "<group>";
		};
		1C704D08237FA0A000C2CB30 /* Products */ = {
			isa = PBXGroup;
			children = (
				1C704D07237FA0A000C2CB30 /* MVCUnitTestIOS.app */,
				1C704D1D237FA0A300C2CB30 /* MVCUnitTestIOSTests.xctest */,
			);
			name = Products;
			sourceTree = "<group>";
		};
		1C704D09237FA0A000C2CB30 /* MVCUnitTestIOS */ = {
			isa = PBXGroup;
			children = (
				1C704D0A237FA0A000C2CB30 /* AppDelegate.swift */,
				1C704D0C237FA0A000C2CB30 /* SceneDelegate.swift */,
				1C704D0E237FA0A000C2CB30 /* ViewController.swift */,
				1C704D10237FA0A000C2CB30 /* Main.storyboard */,
				1C704D13237FA0A300C2CB30 /* Assets.xcassets */,
				1C704D15237FA0A300C2CB30 /* LaunchScreen.storyboard */,
				1C704D18237FA0A300C2CB30 /* Info.plist */,
			);
			path = MVCUnitTestIOS;
			sourceTree = "<group>";
		};
		1C704D20237FA0A400C2CB30 /* MVCUnitTestIOSTests */ = {
			isa = PBXGroup;
			children = (
				1C704D21237FA0A400C2CB30 /* MVCUnitTestIOSTests.swift */,
				1C704D23237FA0A400C2CB30 /* Info.plist */,
			);
			path = MVCUnitTestIOSTests;
			sourceTree = "<group>";
		};
/* End PBXGroup section */

/* Begin PBXNativeTarget section */
		1C704D06237FA0A000C2CB30 /* MVCUnitTestIOS */ = {
			isa = PBXNativeTarget;
			buildConfigurationList = 1C704D26237FA0A400C2CB30 /* Build configuration list for PBXNativeTarget "MVCUnitTestIOS" */;
			buildPhases = (
				1C704D03237FA0A000C2CB30 /* Sources */,
				1C704D04237FA0A000C2CB30 /* Frameworks */,
				1C704D05237FA0A000C2CB30 /* Resources */,
			);
			buildRules = (
			);
			dependencies = (
			);
			name = MVCUnitTestIOS;
			productName = MVCUnitTestIOS;
			productReference = 1C704D07237FA0A000C2CB30 /* MVCUnitTestIOS.app */;
			productType = "com.apple.product-type.application";
		};
		1C704D1C237FA0A300C2CB30 /* MVCUnitTestIOSTests */ = {
			isa = PBXNativeTarget;
			buildConfigurationList = 1C704D29237FA0A400C2CB30 /* Build configuration list for PBXNativeTarget "MVCUnitTestIOSTests" */;
			buildPhases = (
				1C704D19237FA0A300C2CB30 /* Sources */,
				1C704D1A237FA0A300C2CB30 /* Frameworks */,
				1C704D1B237FA0A300C2CB30 /* Resources */,
			);
			buildRules = (
			);
			dependencies = (
				1C704D1F237FA0A300C2CB30 /* PBXTargetDependency */,
			);
			name = MVCUnitTestIOSTests;
			productName = MVCUnitTestIOSTests;
			productReference = 1C704D1D237FA0A300C2CB30 /* MVCUnitTestIOSTests.xctest */;
			productType = "com.apple.product-type.bundle.unit-test";
		};
/* End PBXNativeTarget section */

/* Begin PBXProject section */
		1C704CFF237FA0A000C2CB30 /* Project object */ = {
			isa = PBXProject;
			attributes = {
				LastSwiftUpdateCheck = 1110;
				LastUpgradeCheck = 1110;
				ORGANIZATIONNAME = "Timi Tejumola";
				TargetAttributes = {
					1C704D06237FA0A000C2CB30 = {
						CreatedOnToolsVersion = 11.1;
					};
					1C704D1C237FA0A300C2CB30 = {
						CreatedOnToolsVersion = 11.1;
						TestTargetID = 1C704D06237FA0A000C2CB30;
					};
				};
			};
			buildConfigurationList = 1C704D02237FA0A000C2CB30 /* Build configuration list for PBXProject "MVCUnitTestIOS" */;
			compatibilityVersion = "Xcode 9.3";
			developmentRegion = en;
			hasScannedForEncodings = 0;
			knownRegions = (
				en,
				Base,
			);
			mainGroup = 1C704CFE237FA0A000C2CB30;
			productRefGroup = 1C704D08237FA0A000C2CB30 /* Products */;
			projectDirPath = "";
			projectRoot = "";
			targets = (
				1C704D06237FA0A000C2CB30 /* MVCUnitTestIOS */,
				1C704D1C237FA0A300C2CB30 /* MVCUnitTestIOSTests */,
			);
		};
/* End PBXProject section */

/* Begin PBXResourcesBuildPhase section */
		1C704D05237FA0A000C2CB30 /* Resources */ = {
			isa = PBXResourcesBuildPhase;
			buildActionMask = 2147483647;
			files = (
				1C704D17237FA0A300C2CB30 /* LaunchScreen.storyboard in Resources */,
				1C704D14237FA0A300C2CB30 /* Assets.xcassets in Resources */,
				1C704D12237FA0A000C2CB30 /* Main.storyboard in Resources */,
			);
			runOnlyForDeploymentPostprocessing = 0;
		};
		1C704D1B237FA0A300C2CB30 /* Resources */ = {
			isa = PBXResourcesBuildPhase;
			buildActionMask = 2147483647;
			files = (
			);
			runOnlyForDeploymentPostprocessing = 0;
		};
/* End PBXResourcesBuildPhase section */

/* Begin PBXSourcesBuildPhase section */
		1C704D03237FA0A000C2CB30 /* Sources */ = {
			isa = PBXSourcesBuildPhase;
			buildActionMask = 2147483647;
			files = (
				1C704D0F237FA0A000C2CB30 /* ViewController.swift in Sources */,
				1C704D0B237FA0A000C2CB30 /* AppDelegate.swift in Sources */,
				1C704D0D237FA0A000C2CB30 /* SceneDelegate.swift in Sources */,
			);
			runOnlyForDeploymentPostprocessing = 0;
		};
		1C704D19237FA0A300C2CB30 /* Sources */ = {
			isa = PBXSourcesBuildPhase;
			buildActionMask = 2147483647;
			files = (
				1C704D22237FA0A400C2CB30 /* MVCUnitTestIOSTests.swift in Sources */,
			);
			runOnlyForDeploymentPostprocessing = 0;
		};
/* End PBXSourcesBuildPhase section */

/* Begin PBXTargetDependency section */
		1C704D1F237FA0A300C2CB30 /* PBXTargetDependency */ = {
			isa = PBXTargetDependency;
			target = 1C704D06237FA0A000C2CB30 /* MVCUnitTestIOS */;
			targetProxy = 1C704D1E237FA0A300C2CB30 /* PBXContainerItemProxy */;
		};
/* End PBXTargetDependency section */

/* Begin PBXVariantGroup section */
		1C704D10237FA0A000C2CB30 /* Main.storyboard */ = {
			isa = PBXVariantGroup;
			children = (
				1C704D11237FA0A000C2CB30 /* Base */,
			);
			name = Main.storyboard;
			sourceTree = "<group>";
		};
		1C704D15237FA0A300C2CB30 /* LaunchScreen.storyboard */ = {
			isa = PBXVariantGroup;
			children = (
				1C704D16237FA0A300C2CB30 /* Base */,
			);
			name = LaunchScreen.storyboard;
			sourceTree = "<group>";
		};
/* End PBXVariantGroup section */

/* Begin XCBuildConfiguration section */
		1C704D24237FA0A400C2CB30 /* Debug */ = {
			isa = XCBuildConfiguration;
			buildSettings = {
				ALWAYS_SEARCH_USER_PATHS = NO;
				CLANG_ANALYZER_NONNULL = YES;
				CLANG_ANALYZER_NUMBER_OBJECT_CONVERSION = YES_AGGRESSIVE;
				CLANG_CXX_LANGUAGE_STANDARD = "gnu++14";
				CLANG_CXX_LIBRARY = "libc++";
				CLANG_ENABLE_MODULES = YES;
				CLANG_ENABLE_OBJC_ARC = YES;
				CLANG_ENABLE_OBJC_WEAK = YES;
				CLANG_WARN_BLOCK_CAPTURE_AUTORELEASING = YES;
				CLANG_WARN_BOOL_CONVERSION = YES;
				CLANG_WARN_COMMA = YES;
				CLANG_WARN_CONSTANT_CONVERSION = YES;
				CLANG_WARN_DEPRECATED_OBJC_IMPLEMENTATIONS = YES;
				CLANG_WARN_DIRECT_OBJC_ISA_USAGE = YES_ERROR;
				CLANG_WARN_DOCUMENTATION_COMMENTS = YES;
				CLANG_WARN_EMPTY_BODY = YES;
				CLANG_WARN_ENUM_CONVERSION = YES;
				CLANG_WARN_INFINITE_RECURSION = YES;
				CLANG_WARN_INT_CONVERSION = YES;
				CLANG_WARN_NON_LITERAL_NULL_CONVERSION = YES;
				CLANG_WARN_OBJC_IMPLICIT_RETAIN_SELF = YES;
				CLANG_WARN_OBJC_LITERAL_CONVERSION = YES;
				CLANG_WARN_OBJC_ROOT_CLASS = YES_ERROR;
				CLANG_WARN_RANGE_LOOP_ANALYSIS = YES;
				CLANG_WARN_STRICT_PROTOTYPES = YES;
				CLANG_WARN_SUSPICIOUS_MOVE = YES;
				CLANG_WARN_UNGUARDED_AVAILABILITY = YES_AGGRESSIVE;
				CLANG_WARN_UNREACHABLE_CODE = YES;
				CLANG_WARN__DUPLICATE_METHOD_MATCH = YES;
				COPY_PHASE_STRIP = NO;
				DEBUG_INFORMATION_FORMAT = dwarf;
				ENABLE_STRICT_OBJC_MSGSEND = YES;
				ENABLE_TESTABILITY = YES;
				GCC_C_LANGUAGE_STANDARD = gnu11;
				GCC_DYNAMIC_NO_PIC = NO;
				GCC_NO_COMMON_BLOCKS = YES;
				GCC_OPTIMIZATION_LEVEL = 0;
				GCC_PREPROCESSOR_DEFINITIONS = (
					"DEBUG=1",
					"$(inherited)",
				);
				GCC_WARN_64_TO_32_BIT_CONVERSION = YES;
				GCC_WARN_ABOUT_RETURN_TYPE = YES_ERROR;
				GCC_WARN_UNDECLARED_SELECTOR = YES;
				GCC_WARN_UNINITIALIZED_AUTOS = YES_AGGRESSIVE;
				GCC_WARN_UNUSED_FUNCTION = YES;
				GCC_WARN_UNUSED_VARIABLE = YES;
				IPHONEOS_DEPLOYMENT_TARGET = 13.1;
				MTL_ENABLE_DEBUG_INFO = INCLUDE_SOURCE;
				MTL_FAST_MATH = YES;
				ONLY_ACTIVE_ARCH = YES;
				SDKROOT = iphoneos;
				SWIFT_ACTIVE_COMPILATION_CONDITIONS = DEBUG;
				SWIFT_OPTIMIZATION_LEVEL = "-Onone";
			};
			name = Debug;
		};
		1C704D25237FA0A400C2CB30 /* Release */ = {
			isa = XCBuildConfiguration;
			buildSettings = {
				ALWAYS_SEARCH_USER_PATHS = NO;
				CLANG_ANALYZER_NONNULL = YES;
				CLANG_ANALYZER_NUMBER_OBJECT_CONVERSION = YES_AGGRESSIVE;
				CLANG_CXX_LANGUAGE_STANDARD = "gnu++14";
				CLANG_CXX_LIBRARY = "libc++";
				CLANG_ENABLE_MODULES = YES;
				CLANG_ENABLE_OBJC_ARC = YES;
				CLANG_ENABLE_OBJC_WEAK = YES;
				CLANG_WARN_BLOCK_CAPTURE_AUTORELEASING = YES;
				CLANG_WARN_BOOL_CONVERSION = YES;
				CLANG_WARN_COMMA = YES;
				CLANG_WARN_CONSTANT_CONVERSION = YES;
				CLANG_WARN_DEPRECATED_OBJC_IMPLEMENTATIONS = YES;
				CLANG_WARN_DIRECT_OBJC_ISA_USAGE = YES_ERROR;
				CLANG_WARN_DOCUMENTATION_COMMENTS = YES;
				CLANG_WARN_EMPTY_BODY = YES;
				CLANG_WARN_ENUM_CONVERSION = YES;
				CLANG_WARN_INFINITE_RECURSION = YES;
				CLANG_WARN_INT_CONVERSION = YES;
				CLANG_WARN_NON_LITERAL_NULL_CONVERSION = YES;
				CLANG_WARN_OBJC_IMPLICIT_RETAIN_SELF = YES;
				CLANG_WARN_OBJC_LITERAL_CONVERSION = YES;
				CLANG_WARN_OBJC_ROOT_CLASS = YES_ERROR;
				CLANG_WARN_RANGE_LOOP_ANALYSIS = YES;
				CLANG_WARN_STRICT_PROTOTYPES = YES;
				CLANG_WARN_SUSPICIOUS_MOVE = YES;
				CLANG_WARN_UNGUARDED_AVAILABILITY = YES_AGGRESSIVE;
				CLANG_WARN_UNREACHABLE_CODE = YES;
				CLANG_WARN__DUPLICATE_METHOD_MATCH = YES;
				COPY_PHASE_STRIP = NO;
				DEBUG_INFORMATION_FORMAT = "dwarf-with-dsym";
				ENABLE_NS_ASSERTIONS = NO;
				ENABLE_STRICT_OBJC_MSGSEND = YES;
				GCC_C_LANGUAGE_STANDARD = gnu11;
				GCC_NO_COMMON_BLOCKS = YES;
				GCC_WARN_64_TO_32_BIT_CONVERSION = YES;
				GCC_WARN_ABOUT_RETURN_TYPE = YES_ERROR;
				GCC_WARN_UNDECLARED_SELECTOR = YES;
				GCC_WARN_UNINITIALIZED_AUTOS = YES_AGGRESSIVE;
				GCC_WARN_UNUSED_FUNCTION = YES;
				GCC_WARN_UNUSED_VARIABLE = YES;
				IPHONEOS_DEPLOYMENT_TARGET = 13.1;
				MTL_ENABLE_DEBUG_INFO = NO;
				MTL_FAST_MATH = YES;
				SDKROOT = iphoneos;
				SWIFT_COMPILATION_MODE = wholemodule;
				SWIFT_OPTIMIZATION_LEVEL = "-O";
				VALIDATE_PRODUCT = YES;
			};
			name = Release;
		};
		1C704D27237FA0A400C2CB30 /* Debug */ = {
			isa = XCBuildConfiguration;
			buildSettings = {
				ASSETCATALOG_COMPILER_APPICON_NAME = AppIcon;
				CODE_SIGN_STYLE = Automatic;
				DEVELOPMENT_TEAM = 4D76457L5H;
				INFOPLIST_FILE = MVCUnitTestIOS/Info.plist;
				LD_RUNPATH_SEARCH_PATHS = (
					"$(inherited)",
					"@executable_path/Frameworks",
				);
				PRODUCT_BUNDLE_IDENTIFIER = QTEAM.MVCUnitTestIOS;
				PRODUCT_NAME = "$(TARGET_NAME)";
				SWIFT_VERSION = 5.0;
				TARGETED_DEVICE_FAMILY = "1,2";
			};
			name = Debug;
		};
		1C704D28237FA0A400C2CB30 /* Release */ = {
			isa = XCBuildConfiguration;
			buildSettings = {
				ASSETCATALOG_COMPILER_APPICON_NAME = AppIcon;
				CODE_SIGN_STYLE = Automatic;
				DEVELOPMENT_TEAM = 4D76457L5H;
				INFOPLIST_FILE = MVCUnitTestIOS/Info.plist;
				LD_RUNPATH_SEARCH_PATHS = (
					"$(inherited)",
					"@executable_path/Frameworks",
				);
				PRODUCT_BUNDLE_IDENTIFIER = QTEAM.MVCUnitTestIOS;
				PRODUCT_NAME = "$(TARGET_NAME)";
				SWIFT_VERSION = 5.0;
				TARGETED_DEVICE_FAMILY = "1,2";
			};
			name = Release;
		};
		1C704D2A237FA0A400C2CB30 /* Debug */ = {
			isa = XCBuildConfiguration;
			buildSettings = {
				ALWAYS_EMBED_SWIFT_STANDARD_LIBRARIES = YES;
				BUNDLE_LOADER = "$(TEST_HOST)";
				CODE_SIGN_STYLE = Automatic;
				DEVELOPMENT_TEAM = 4D76457L5H;
				INFOPLIST_FILE = MVCUnitTestIOSTests/Info.plist;
				IPHONEOS_DEPLOYMENT_TARGET = 13.1;
				LD_RUNPATH_SEARCH_PATHS = (
					"$(inherited)",
					"@executable_path/Frameworks",
					"@loader_path/Frameworks",
				);
				PRODUCT_BUNDLE_IDENTIFIER = QTEAM.MVCUnitTestIOSTests;
				PRODUCT_NAME = "$(TARGET_NAME)";
				SWIFT_VERSION = 5.0;
				TARGETED_DEVICE_FAMILY = "1,2";
				TEST_HOST = "$(BUILT_PRODUCTS_DIR)/MVCUnitTestIOS.app/MVCUnitTestIOS";
			};
			name = Debug;
		};
		1C704D2B237FA0A400C2CB30 /* Release */ = {
			isa = XCBuildConfiguration;
			buildSettings = {
				ALWAYS_EMBED_SWIFT_STANDARD_LIBRARIES = YES;
				BUNDLE_LOADER = "$(TEST_HOST)";
				CODE_SIGN_STYLE = Automatic;
				DEVELOPMENT_TEAM = 4D76457L5H;
				INFOPLIST_FILE = MVCUnitTestIOSTests/Info.plist;
				IPHONEOS_DEPLOYMENT_TARGET = 13.1;
				LD_RUNPATH_SEARCH_PATHS = (
					"$(inherited)",
					"@executable_path/Frameworks",
					"@loader_path/Frameworks",
				);
				PRODUCT_BUNDLE_IDENTIFIER = QTEAM.MVCUnitTestIOSTests;
				PRODUCT_NAME = "$(TARGET_NAME)";
				SWIFT_VERSION = 5.0;
				TARGETED_DEVICE_FAMILY = "1,2";
				TEST_HOST = "$(BUILT_PRODUCTS_DIR)/MVCUnitTestIOS.app/MVCUnitTestIOS";
			};
			name = Release;
		};
/* End XCBuildConfiguration section */

/* Begin XCConfigurationList section */
		1C704D02237FA0A000C2CB30 /* Build configuration list for PBXProject "MVCUnitTestIOS" */ = {
			isa = XCConfigurationList;
			buildConfigurations = (
				1C704D24237FA0A400C2CB30 /* Debug */,
				1C704D25237FA0A400C2CB30 /* Release */,
			);
			defaultConfigurationIsVisible = 0;
			defaultConfigurationName = Release;
		};
		1C704D26237FA0A400C2CB30 /* Build configuration list for PBXNativeTarget "MVCUnitTestIOS" */ = {
			isa = XCConfigurationList;
			buildConfigurations = (
				1C704D27237FA0A400C2CB30 /* Debug */,
				1C704D28237FA0A400C2CB30 /* Release */,
			);
			defaultConfigurationIsVisible = 0;
			defaultConfigurationName = Release;
		};
		1C704D29237FA0A400C2CB30 /* Build configuration list for PBXNativeTarget "MVCUnitTestIOSTests" */ = {
			isa = XCConfigurationList;
			buildConfigurations = (
				1C704D2A237FA0A400C2CB30 /* Debug */,
				1C704D2B237FA0A400C2CB30 /* Release */,
			);
			defaultConfigurationIsVisible = 0;
			defaultConfigurationName = Release;
		};
/* End XCConfigurationList section */
	};
	rootObject = 1C704CFF237FA0A000C2CB30 /* Project object */;
}
